// !$*UTF8*$!
{
	archiveVersion = 1;
	classes = {
	};
	objectVersion = 54;
	objects = {

/* Begin PBXBuildFile section */
		009B9C6340424E048586F7D2 /* Poppins-SemiBoldItalic.ttf in Resources */ = {isa = PBXBuildFile; fileRef = DDDF7C75A9AE4652A90884F8 /* Poppins-SemiBoldItalic.ttf */; };
		00E356F31AD99517003FC87E /* MorinagaTests.m in Sources */ = {isa = PBXBuildFile; fileRef = 00E356F21AD99517003FC87E /* MorinagaTests.m */; };
		0BA7C986FBC946E08BBC413B /* Poppins-Light.ttf in Resources */ = {isa = PBXBuildFile; fileRef = 128F7F81999547A8BB457668 /* Poppins-Light.ttf */; };
		0E95EB98BDC74236AFFC6D4D /* Poppins-ExtraLight.ttf in Resources */ = {isa = PBXBuildFile; fileRef = A3F70AE0AA534118B0BCF1B6 /* Poppins-ExtraLight.ttf */; };
		13B07FBC1A68108700A75B9A /* AppDelegate.mm in Sources */ = {isa = PBXBuildFile; fileRef = 13B07FB01A68108700A75B9A /* AppDelegate.mm */; };
		13B07FBF1A68108700A75B9A /* Images.xcassets in Resources */ = {isa = PBXBuildFile; fileRef = 13B07FB51A68108700A75B9A /* Images.xcassets */; };
		13B07FC11A68108700A75B9A /* main.m in Sources */ = {isa = PBXBuildFile; fileRef = 13B07FB71A68108700A75B9A /* main.m */; };
		1C0C20FE049A4506B6A0302B /* Poppins-ThinItalic.ttf in Resources */ = {isa = PBXBuildFile; fileRef = 054A1BC8171042479F10E57D /* Poppins-ThinItalic.ttf */; };
		2170F3DC8A9744C9A0057909 /* Poppins-SemiBold.ttf in Resources */ = {isa = PBXBuildFile; fileRef = 5D854766FAD54E218F35866C /* Poppins-SemiBold.ttf */; };
		21D8F887833E4BAF84336303 /* Urbanist-Italic.ttf in Resources */ = {isa = PBXBuildFile; fileRef = AE740B251E4D475CA4DFD88D /* Urbanist-Italic.ttf */; };
		23C5091A2DA34CB985713E7C /* Urbanist-BoldItalic.ttf in Resources */ = {isa = PBXBuildFile; fileRef = 4378F500D266413B9AC12673 /* Urbanist-BoldItalic.ttf */; };
		28723AC4C0F54C52BC2F0E4A /* Inter-ExtraLight.ttf in Resources */ = {isa = PBXBuildFile; fileRef = 442261BC85D14A6389DBD161 /* Inter-ExtraLight.ttf */; };
		29195AEFFA944FCF87813B2A /* Poppins-LightItalic.ttf in Resources */ = {isa = PBXBuildFile; fileRef = CBBE206ABDEA406BAA5266F5 /* Poppins-LightItalic.ttf */; };
		2BCC17A58A6D4CF92CAC0BE6 /* Pods_Morinaga.framework in Frameworks */ = {isa = PBXBuildFile; fileRef = 59D433BD1EA6E9896086F516 /* Pods_Morinaga.framework */; };
		3097E572BF9145B8A6A78265 /* Urbanist-Thin.ttf in Resources */ = {isa = PBXBuildFile; fileRef = F700CDD2A8DF41A3AD243617 /* Urbanist-Thin.ttf */; };
		38D619FAEEBE415DBAC3E2F0 /* Poppins-MediumItalic.ttf in Resources */ = {isa = PBXBuildFile; fileRef = 2686FFF080B5495E98D405FB /* Poppins-MediumItalic.ttf */; };
		392B2579B1C04546986E5E27 /* Inter-Bold.ttf in Resources */ = {isa = PBXBuildFile; fileRef = E746B40838B6463AB66B6E6C /* Inter-Bold.ttf */; };
		3B98772BBE654445AFA429EC /* Urbanist-ExtraLightItalic.ttf in Resources */ = {isa = PBXBuildFile; fileRef = 2826D57D53CA437E99D58D06 /* Urbanist-ExtraLightItalic.ttf */; };
		41746B0C96274A5FA156BD1F /* Urbanist-Bold.ttf in Resources */ = {isa = PBXBuildFile; fileRef = 13E819BFCACD46B5A5DA8F44 /* Urbanist-Bold.ttf */; };
		49044C7160544E499E1B616F /* Poppins-Medium.ttf in Resources */ = {isa = PBXBuildFile; fileRef = 778BE02352B44B38870CF366 /* Poppins-Medium.ttf */; };
		4A3900CDA66543EC8BD8C14B /* Poppins-Black.ttf in Resources */ = {isa = PBXBuildFile; fileRef = 98203F4A2B224A4B8DE32B5D /* Poppins-Black.ttf */; };
		50ED2D2274B848F7A9351776 /* Urbanist-LightItalic.ttf in Resources */ = {isa = PBXBuildFile; fileRef = 4B20159E09834653A96F0B8E /* Urbanist-LightItalic.ttf */; };
		5DF15FD9089244A7B6E7464F /* Urbanist-SemiBold.ttf in Resources */ = {isa = PBXBuildFile; fileRef = 6D83FEA749A44FB6960E08B5 /* Urbanist-SemiBold.ttf */; };
		6EDE0E4B206B453BA6627ED2 /* Poppins-ExtraLightItalic.ttf in Resources */ = {isa = PBXBuildFile; fileRef = 9E1A0E00CE654E8D9D1806D0 /* Poppins-ExtraLightItalic.ttf */; };
		720A0F7F1B6546A7BDA6D81F /* Poppins-Bold.ttf in Resources */ = {isa = PBXBuildFile; fileRef = 452EDDF6CB1F4708B5D677B1 /* Poppins-Bold.ttf */; };
		747AA39DAF4C4D04B9AEB831 /* Urbanist-Light.ttf in Resources */ = {isa = PBXBuildFile; fileRef = 702529EB10A545968BCBA912 /* Urbanist-Light.ttf */; };
		76FA5CA9922B454596B007BD /* Poppins-BlackItalic.ttf in Resources */ = {isa = PBXBuildFile; fileRef = 9A1DC1C2BB9C4CA59CE99F9B /* Poppins-BlackItalic.ttf */; };
		79562D076A2FC03155E8B658 /* Pods_Morinaga_MorinagaTests.framework in Frameworks */ = {isa = PBXBuildFile; fileRef = F6C0FF005EC76192512DBA0B /* Pods_Morinaga_MorinagaTests.framework */; };
		81AB9BB82411601600AC10FF /* LaunchScreen.storyboard in Resources */ = {isa = PBXBuildFile; fileRef = 81AB9BB72411601600AC10FF /* LaunchScreen.storyboard */; };
		8EF7DF496FAD48E7A2D9AC83 /* Inter-SemiBold.ttf in Resources */ = {isa = PBXBuildFile; fileRef = 276D309D9D1941439302FF3F /* Inter-SemiBold.ttf */; };
		979CDAEB4E4742B6B5A49A5D /* Urbanist-BlackItalic.ttf in Resources */ = {isa = PBXBuildFile; fileRef = 1BB38A68A93040E1B0760A25 /* Urbanist-BlackItalic.ttf */; };
		A2650F102A4143FD9705ED18 /* Inter-Light.ttf in Resources */ = {isa = PBXBuildFile; fileRef = 7509624E810840D2ADA832C3 /* Inter-Light.ttf */; };
		A6623A0625F14B3CA5242306 /* Urbanist-MediumItalic.ttf in Resources */ = {isa = PBXBuildFile; fileRef = D7E69755F5F14DEFB6B52474 /* Urbanist-MediumItalic.ttf */; };
		A844270DC67C427D885D7BD3 /* Inter-Thin.ttf in Resources */ = {isa = PBXBuildFile; fileRef = 933F2FB41EE94535A7F25357 /* Inter-Thin.ttf */; };
		A8A09E4AFC7F4C429DF823BE /* Urbanist-ExtraBoldItalic.ttf in Resources */ = {isa = PBXBuildFile; fileRef = C3BA3764082F44469F40941E /* Urbanist-ExtraBoldItalic.ttf */; };
		AF4D32EBE7014479B11BD418 /* Poppins-Italic.ttf in Resources */ = {isa = PBXBuildFile; fileRef = 9C4F9B779F96430EAA275ECE /* Poppins-Italic.ttf */; };
		B1B871045F8E47E9B29B3F87 /* Urbanist-Regular.ttf in Resources */ = {isa = PBXBuildFile; fileRef = 3A8AC883AADC4DF08C33BD28 /* Urbanist-Regular.ttf */; };
		B28FA5EFEE85496597AF7C86 /* Inter-Black.ttf in Resources */ = {isa = PBXBuildFile; fileRef = 295A7828980C4BDD985BAF8F /* Inter-Black.ttf */; };
		BFDAA32506EA485EB9EB7AB1 /* Urbanist-ExtraLight.ttf in Resources */ = {isa = PBXBuildFile; fileRef = 1E069222FB6F463482672553 /* Urbanist-ExtraLight.ttf */; };
		BFE020F6C78D493DBA8DDFBA /* Inter-Regular.ttf in Resources */ = {isa = PBXBuildFile; fileRef = 68DD431532F44F1C91EE37D9 /* Inter-Regular.ttf */; };
		C1BC08277B4B462C9E542513 /* Poppins-Regular.ttf in Resources */ = {isa = PBXBuildFile; fileRef = 904D67E7DA124F47AE4B93E3 /* Poppins-Regular.ttf */; };
		C1C6C537E4A84C40A54191BE /* Urbanist-Black.ttf in Resources */ = {isa = PBXBuildFile; fileRef = 3EAD7DA1571C466C80CC82A3 /* Urbanist-Black.ttf */; };
		C539DD78198B4C089BED7CB9 /* Urbanist-SemiBoldItalic.ttf in Resources */ = {isa = PBXBuildFile; fileRef = 40E3CAFF805D496CAA607076 /* Urbanist-SemiBoldItalic.ttf */; };
		C8243716127C430E80EA2A47 /* Inter-ExtraBold.ttf in Resources */ = {isa = PBXBuildFile; fileRef = D261FCF080F048CEAC219167 /* Inter-ExtraBold.ttf */; };
		CBD25F9A7D4B4A6E961E4F2A /* Poppins-Thin.ttf in Resources */ = {isa = PBXBuildFile; fileRef = 7FBA45EC9EC4422595656BD6 /* Poppins-Thin.ttf */; };
		D9B72F34567B4509B2CFF69F /* Poppins-ExtraBold.ttf in Resources */ = {isa = PBXBuildFile; fileRef = B84F0BC224A54FBB9DDB5AF3 /* Poppins-ExtraBold.ttf */; };
		E63C83B44A464574883D8EF4 /* Urbanist-ThinItalic.ttf in Resources */ = {isa = PBXBuildFile; fileRef = B32F46E3285B4D39BBB9FC8F /* Urbanist-ThinItalic.ttf */; };
		EAD6A8A40CFB43FC8674C3DD /* Urbanist-Medium.ttf in Resources */ = {isa = PBXBuildFile; fileRef = 846174CA093A49D598D72753 /* Urbanist-Medium.ttf */; };
		F9EA2047F3D844F08691A0A4 /* Poppins-ExtraBoldItalic.ttf in Resources */ = {isa = PBXBuildFile; fileRef = BC15B48527A74231927EF7BB /* Poppins-ExtraBoldItalic.ttf */; };
		FA3CD49C2A6580B2007BCFB9 /* GoogleService-Info.plist in Resources */ = {isa = PBXBuildFile; fileRef = FA3CD49B2A6580B2007BCFB9 /* GoogleService-Info.plist */; };
		FA4C4D5B2A5DC17F002C40CE /* BootSplash.storyboard in Resources */ = {isa = PBXBuildFile; fileRef = FA4C4D5A2A5DC17E002C40CE /* BootSplash.storyboard */; };
		FBCFE7DC842E42CEB3647CFF /* Inter-Medium.ttf in Resources */ = {isa = PBXBuildFile; fileRef = F1104AACEE30461C953B106F /* Inter-Medium.ttf */; };
		FE8CFF6061C84C839A98E020 /* Poppins-BoldItalic.ttf in Resources */ = {isa = PBXBuildFile; fileRef = 21C076D724E24FCAA679BDDE /* Poppins-BoldItalic.ttf */; };
		FFDD977AA1634BD2AB26C052 /* Urbanist-ExtraBold.ttf in Resources */ = {isa = PBXBuildFile; fileRef = 9197B5383255446E8A67E3E5 /* Urbanist-ExtraBold.ttf */; };
/* End PBXBuildFile section */

/* Begin PBXContainerItemProxy section */
		00E356F41AD99517003FC87E /* PBXContainerItemProxy */ = {
			isa = PBXContainerItemProxy;
			containerPortal = 83CBB9F71A601CBA00E9B192 /* Project object */;
			proxyType = 1;
			remoteGlobalIDString = 13B07F861A680F5B00A75B9A;
			remoteInfo = Morinaga;
		};
/* End PBXContainerItemProxy section */

/* Begin PBXFileReference section */
		00E356EE1AD99517003FC87E /* MorinagaTests.xctest */ = {isa = PBXFileReference; explicitFileType = wrapper.cfbundle; includeInIndex = 0; path = MorinagaTests.xctest; sourceTree = BUILT_PRODUCTS_DIR; };
		00E356F11AD99517003FC87E /* Info.plist */ = {isa = PBXFileReference; lastKnownFileType = text.plist.xml; path = Info.plist; sourceTree = "<group>"; };
		00E356F21AD99517003FC87E /* MorinagaTests.m */ = {isa = PBXFileReference; lastKnownFileType = sourcecode.c.objc; path = MorinagaTests.m; sourceTree = "<group>"; };
		054A1BC8171042479F10E57D /* Poppins-ThinItalic.ttf */ = {isa = PBXFileReference; explicitFileType = undefined; fileEncoding = 9; includeInIndex = 0; lastKnownFileType = unknown; name = "Poppins-ThinItalic.ttf"; path = "../src/asset/fonts/Poppins-ThinItalic.ttf"; sourceTree = "<group>"; };
		128F7F81999547A8BB457668 /* Poppins-Light.ttf */ = {isa = PBXFileReference; explicitFileType = undefined; fileEncoding = 9; includeInIndex = 0; lastKnownFileType = unknown; name = "Poppins-Light.ttf"; path = "../src/asset/fonts/Poppins-Light.ttf"; sourceTree = "<group>"; };
		13B07F961A680F5B00A75B9A /* Morinaga.app */ = {isa = PBXFileReference; explicitFileType = wrapper.application; includeInIndex = 0; path = Morinaga.app; sourceTree = BUILT_PRODUCTS_DIR; };
		13B07FAF1A68108700A75B9A /* AppDelegate.h */ = {isa = PBXFileReference; fileEncoding = 4; lastKnownFileType = sourcecode.c.h; name = AppDelegate.h; path = Morinaga/AppDelegate.h; sourceTree = "<group>"; };
		13B07FB01A68108700A75B9A /* AppDelegate.mm */ = {isa = PBXFileReference; fileEncoding = 4; lastKnownFileType = sourcecode.cpp.objcpp; name = AppDelegate.mm; path = Morinaga/AppDelegate.mm; sourceTree = "<group>"; };
		13B07FB51A68108700A75B9A /* Images.xcassets */ = {isa = PBXFileReference; lastKnownFileType = folder.assetcatalog; name = Images.xcassets; path = Morinaga/Images.xcassets; sourceTree = "<group>"; };
		13B07FB61A68108700A75B9A /* Info.plist */ = {isa = PBXFileReference; fileEncoding = 4; lastKnownFileType = text.plist.xml; name = Info.plist; path = Morinaga/Info.plist; sourceTree = "<group>"; };
		13B07FB71A68108700A75B9A /* main.m */ = {isa = PBXFileReference; fileEncoding = 4; lastKnownFileType = sourcecode.c.objc; name = main.m; path = Morinaga/main.m; sourceTree = "<group>"; };
		13E819BFCACD46B5A5DA8F44 /* Urbanist-Bold.ttf */ = {isa = PBXFileReference; explicitFileType = undefined; fileEncoding = 9; includeInIndex = 0; lastKnownFileType = unknown; name = "Urbanist-Bold.ttf"; path = "../src/asset/fonts/Urbanist-Bold.ttf"; sourceTree = "<group>"; };
		1BB38A68A93040E1B0760A25 /* Urbanist-BlackItalic.ttf */ = {isa = PBXFileReference; explicitFileType = undefined; fileEncoding = 9; includeInIndex = 0; lastKnownFileType = unknown; name = "Urbanist-BlackItalic.ttf"; path = "../src/asset/fonts/Urbanist-BlackItalic.ttf"; sourceTree = "<group>"; };
		1E069222FB6F463482672553 /* Urbanist-ExtraLight.ttf */ = {isa = PBXFileReference; explicitFileType = undefined; fileEncoding = 9; includeInIndex = 0; lastKnownFileType = unknown; name = "Urbanist-ExtraLight.ttf"; path = "../src/asset/fonts/Urbanist-ExtraLight.ttf"; sourceTree = "<group>"; };
		21C076D724E24FCAA679BDDE /* Poppins-BoldItalic.ttf */ = {isa = PBXFileReference; explicitFileType = undefined; fileEncoding = 9; includeInIndex = 0; lastKnownFileType = unknown; name = "Poppins-BoldItalic.ttf"; path = "../src/asset/fonts/Poppins-BoldItalic.ttf"; sourceTree = "<group>"; };
		2686FFF080B5495E98D405FB /* Poppins-MediumItalic.ttf */ = {isa = PBXFileReference; explicitFileType = undefined; fileEncoding = 9; includeInIndex = 0; lastKnownFileType = unknown; name = "Poppins-MediumItalic.ttf"; path = "../src/asset/fonts/Poppins-MediumItalic.ttf"; sourceTree = "<group>"; };
		276D309D9D1941439302FF3F /* Inter-SemiBold.ttf */ = {isa = PBXFileReference; explicitFileType = undefined; fileEncoding = 9; includeInIndex = 0; lastKnownFileType = unknown; name = "Inter-SemiBold.ttf"; path = "../src/asset/fonts/Inter-SemiBold.ttf"; sourceTree = "<group>"; };
		2826D57D53CA437E99D58D06 /* Urbanist-ExtraLightItalic.ttf */ = {isa = PBXFileReference; explicitFileType = undefined; fileEncoding = 9; includeInIndex = 0; lastKnownFileType = unknown; name = "Urbanist-ExtraLightItalic.ttf"; path = "../src/asset/fonts/Urbanist-ExtraLightItalic.ttf"; sourceTree = "<group>"; };
		295A7828980C4BDD985BAF8F /* Inter-Black.ttf */ = {isa = PBXFileReference; explicitFileType = undefined; fileEncoding = 9; includeInIndex = 0; lastKnownFileType = unknown; name = "Inter-Black.ttf"; path = "../src/asset/fonts/Inter-Black.ttf"; sourceTree = "<group>"; };
		3A8AC883AADC4DF08C33BD28 /* Urbanist-Regular.ttf */ = {isa = PBXFileReference; explicitFileType = undefined; fileEncoding = 9; includeInIndex = 0; lastKnownFileType = unknown; name = "Urbanist-Regular.ttf"; path = "../src/asset/fonts/Urbanist-Regular.ttf"; sourceTree = "<group>"; };
		3B4392A12AC88292D35C810B /* Pods-Morinaga.debug.xcconfig */ = {isa = PBXFileReference; includeInIndex = 1; lastKnownFileType = text.xcconfig; name = "Pods-Morinaga.debug.xcconfig"; path = "Target Support Files/Pods-Morinaga/Pods-Morinaga.debug.xcconfig"; sourceTree = "<group>"; };
		3EAD7DA1571C466C80CC82A3 /* Urbanist-Black.ttf */ = {isa = PBXFileReference; explicitFileType = undefined; fileEncoding = 9; includeInIndex = 0; lastKnownFileType = unknown; name = "Urbanist-Black.ttf"; path = "../src/asset/fonts/Urbanist-Black.ttf"; sourceTree = "<group>"; };
		40E3CAFF805D496CAA607076 /* Urbanist-SemiBoldItalic.ttf */ = {isa = PBXFileReference; explicitFileType = undefined; fileEncoding = 9; includeInIndex = 0; lastKnownFileType = unknown; name = "Urbanist-SemiBoldItalic.ttf"; path = "../src/asset/fonts/Urbanist-SemiBoldItalic.ttf"; sourceTree = "<group>"; };
		4378F500D266413B9AC12673 /* Urbanist-BoldItalic.ttf */ = {isa = PBXFileReference; explicitFileType = undefined; fileEncoding = 9; includeInIndex = 0; lastKnownFileType = unknown; name = "Urbanist-BoldItalic.ttf"; path = "../src/asset/fonts/Urbanist-BoldItalic.ttf"; sourceTree = "<group>"; };
		442261BC85D14A6389DBD161 /* Inter-ExtraLight.ttf */ = {isa = PBXFileReference; explicitFileType = undefined; fileEncoding = 9; includeInIndex = 0; lastKnownFileType = unknown; name = "Inter-ExtraLight.ttf"; path = "../src/asset/fonts/Inter-ExtraLight.ttf"; sourceTree = "<group>"; };
		452EDDF6CB1F4708B5D677B1 /* Poppins-Bold.ttf */ = {isa = PBXFileReference; explicitFileType = undefined; fileEncoding = 9; includeInIndex = 0; lastKnownFileType = unknown; name = "Poppins-Bold.ttf"; path = "../src/asset/fonts/Poppins-Bold.ttf"; sourceTree = "<group>"; };
		4B20159E09834653A96F0B8E /* Urbanist-LightItalic.ttf */ = {isa = PBXFileReference; explicitFileType = undefined; fileEncoding = 9; includeInIndex = 0; lastKnownFileType = unknown; name = "Urbanist-LightItalic.ttf"; path = "../src/asset/fonts/Urbanist-LightItalic.ttf"; sourceTree = "<group>"; };
		5709B34CF0A7D63546082F79 /* Pods-Morinaga.release.xcconfig */ = {isa = PBXFileReference; includeInIndex = 1; lastKnownFileType = text.xcconfig; name = "Pods-Morinaga.release.xcconfig"; path = "Target Support Files/Pods-Morinaga/Pods-Morinaga.release.xcconfig"; sourceTree = "<group>"; };
		59D433BD1EA6E9896086F516 /* Pods_Morinaga.framework */ = {isa = PBXFileReference; explicitFileType = wrapper.framework; includeInIndex = 0; path = Pods_Morinaga.framework; sourceTree = BUILT_PRODUCTS_DIR; };
		5B7EB9410499542E8C5724F5 /* Pods-Morinaga-MorinagaTests.debug.xcconfig */ = {isa = PBXFileReference; includeInIndex = 1; lastKnownFileType = text.xcconfig; name = "Pods-Morinaga-MorinagaTests.debug.xcconfig"; path = "Target Support Files/Pods-Morinaga-MorinagaTests/Pods-Morinaga-MorinagaTests.debug.xcconfig"; sourceTree = "<group>"; };
		5D854766FAD54E218F35866C /* Poppins-SemiBold.ttf */ = {isa = PBXFileReference; explicitFileType = undefined; fileEncoding = 9; includeInIndex = 0; lastKnownFileType = unknown; name = "Poppins-SemiBold.ttf"; path = "../src/asset/fonts/Poppins-SemiBold.ttf"; sourceTree = "<group>"; };
		68DD431532F44F1C91EE37D9 /* Inter-Regular.ttf */ = {isa = PBXFileReference; explicitFileType = undefined; fileEncoding = 9; includeInIndex = 0; lastKnownFileType = unknown; name = "Inter-Regular.ttf"; path = "../src/asset/fonts/Inter-Regular.ttf"; sourceTree = "<group>"; };
		6D83FEA749A44FB6960E08B5 /* Urbanist-SemiBold.ttf */ = {isa = PBXFileReference; explicitFileType = undefined; fileEncoding = 9; includeInIndex = 0; lastKnownFileType = unknown; name = "Urbanist-SemiBold.ttf"; path = "../src/asset/fonts/Urbanist-SemiBold.ttf"; sourceTree = "<group>"; };
		702529EB10A545968BCBA912 /* Urbanist-Light.ttf */ = {isa = PBXFileReference; explicitFileType = undefined; fileEncoding = 9; includeInIndex = 0; lastKnownFileType = unknown; name = "Urbanist-Light.ttf"; path = "../src/asset/fonts/Urbanist-Light.ttf"; sourceTree = "<group>"; };
		7509624E810840D2ADA832C3 /* Inter-Light.ttf */ = {isa = PBXFileReference; explicitFileType = undefined; fileEncoding = 9; includeInIndex = 0; lastKnownFileType = unknown; name = "Inter-Light.ttf"; path = "../src/asset/fonts/Inter-Light.ttf"; sourceTree = "<group>"; };
		778BE02352B44B38870CF366 /* Poppins-Medium.ttf */ = {isa = PBXFileReference; explicitFileType = undefined; fileEncoding = 9; includeInIndex = 0; lastKnownFileType = unknown; name = "Poppins-Medium.ttf"; path = "../src/asset/fonts/Poppins-Medium.ttf"; sourceTree = "<group>"; };
		7FBA45EC9EC4422595656BD6 /* Poppins-Thin.ttf */ = {isa = PBXFileReference; explicitFileType = undefined; fileEncoding = 9; includeInIndex = 0; lastKnownFileType = unknown; name = "Poppins-Thin.ttf"; path = "../src/asset/fonts/Poppins-Thin.ttf"; sourceTree = "<group>"; };
		81AB9BB72411601600AC10FF /* LaunchScreen.storyboard */ = {isa = PBXFileReference; fileEncoding = 4; lastKnownFileType = file.storyboard; name = LaunchScreen.storyboard; path = Morinaga/LaunchScreen.storyboard; sourceTree = "<group>"; };
		846174CA093A49D598D72753 /* Urbanist-Medium.ttf */ = {isa = PBXFileReference; explicitFileType = undefined; fileEncoding = 9; includeInIndex = 0; lastKnownFileType = unknown; name = "Urbanist-Medium.ttf"; path = "../src/asset/fonts/Urbanist-Medium.ttf"; sourceTree = "<group>"; };
		89C6BE57DB24E9ADA2F236DE /* Pods-Morinaga-MorinagaTests.release.xcconfig */ = {isa = PBXFileReference; includeInIndex = 1; lastKnownFileType = text.xcconfig; name = "Pods-Morinaga-MorinagaTests.release.xcconfig"; path = "Target Support Files/Pods-Morinaga-MorinagaTests/Pods-Morinaga-MorinagaTests.release.xcconfig"; sourceTree = "<group>"; };
		904D67E7DA124F47AE4B93E3 /* Poppins-Regular.ttf */ = {isa = PBXFileReference; explicitFileType = undefined; fileEncoding = 9; includeInIndex = 0; lastKnownFileType = unknown; name = "Poppins-Regular.ttf"; path = "../src/asset/fonts/Poppins-Regular.ttf"; sourceTree = "<group>"; };
		9197B5383255446E8A67E3E5 /* Urbanist-ExtraBold.ttf */ = {isa = PBXFileReference; explicitFileType = undefined; fileEncoding = 9; includeInIndex = 0; lastKnownFileType = unknown; name = "Urbanist-ExtraBold.ttf"; path = "../src/asset/fonts/Urbanist-ExtraBold.ttf"; sourceTree = "<group>"; };
		933F2FB41EE94535A7F25357 /* Inter-Thin.ttf */ = {isa = PBXFileReference; explicitFileType = undefined; fileEncoding = 9; includeInIndex = 0; lastKnownFileType = unknown; name = "Inter-Thin.ttf"; path = "../src/asset/fonts/Inter-Thin.ttf"; sourceTree = "<group>"; };
		98203F4A2B224A4B8DE32B5D /* Poppins-Black.ttf */ = {isa = PBXFileReference; explicitFileType = undefined; fileEncoding = 9; includeInIndex = 0; lastKnownFileType = unknown; name = "Poppins-Black.ttf"; path = "../src/asset/fonts/Poppins-Black.ttf"; sourceTree = "<group>"; };
		9A1DC1C2BB9C4CA59CE99F9B /* Poppins-BlackItalic.ttf */ = {isa = PBXFileReference; explicitFileType = undefined; fileEncoding = 9; includeInIndex = 0; lastKnownFileType = unknown; name = "Poppins-BlackItalic.ttf"; path = "../src/asset/fonts/Poppins-BlackItalic.ttf"; sourceTree = "<group>"; };
		9C4F9B779F96430EAA275ECE /* Poppins-Italic.ttf */ = {isa = PBXFileReference; explicitFileType = undefined; fileEncoding = 9; includeInIndex = 0; lastKnownFileType = unknown; name = "Poppins-Italic.ttf"; path = "../src/asset/fonts/Poppins-Italic.ttf"; sourceTree = "<group>"; };
		9E1A0E00CE654E8D9D1806D0 /* Poppins-ExtraLightItalic.ttf */ = {isa = PBXFileReference; explicitFileType = undefined; fileEncoding = 9; includeInIndex = 0; lastKnownFileType = unknown; name = "Poppins-ExtraLightItalic.ttf"; path = "../src/asset/fonts/Poppins-ExtraLightItalic.ttf"; sourceTree = "<group>"; };
		A3F70AE0AA534118B0BCF1B6 /* Poppins-ExtraLight.ttf */ = {isa = PBXFileReference; explicitFileType = undefined; fileEncoding = 9; includeInIndex = 0; lastKnownFileType = unknown; name = "Poppins-ExtraLight.ttf"; path = "../src/asset/fonts/Poppins-ExtraLight.ttf"; sourceTree = "<group>"; };
		AE740B251E4D475CA4DFD88D /* Urbanist-Italic.ttf */ = {isa = PBXFileReference; explicitFileType = undefined; fileEncoding = 9; includeInIndex = 0; lastKnownFileType = unknown; name = "Urbanist-Italic.ttf"; path = "../src/asset/fonts/Urbanist-Italic.ttf"; sourceTree = "<group>"; };
		B32F46E3285B4D39BBB9FC8F /* Urbanist-ThinItalic.ttf */ = {isa = PBXFileReference; explicitFileType = undefined; fileEncoding = 9; includeInIndex = 0; lastKnownFileType = unknown; name = "Urbanist-ThinItalic.ttf"; path = "../src/asset/fonts/Urbanist-ThinItalic.ttf"; sourceTree = "<group>"; };
		B84F0BC224A54FBB9DDB5AF3 /* Poppins-ExtraBold.ttf */ = {isa = PBXFileReference; explicitFileType = undefined; fileEncoding = 9; includeInIndex = 0; lastKnownFileType = unknown; name = "Poppins-ExtraBold.ttf"; path = "../src/asset/fonts/Poppins-ExtraBold.ttf"; sourceTree = "<group>"; };
		BC15B48527A74231927EF7BB /* Poppins-ExtraBoldItalic.ttf */ = {isa = PBXFileReference; explicitFileType = undefined; fileEncoding = 9; includeInIndex = 0; lastKnownFileType = unknown; name = "Poppins-ExtraBoldItalic.ttf"; path = "../src/asset/fonts/Poppins-ExtraBoldItalic.ttf"; sourceTree = "<group>"; };
		C3BA3764082F44469F40941E /* Urbanist-ExtraBoldItalic.ttf */ = {isa = PBXFileReference; explicitFileType = undefined; fileEncoding = 9; includeInIndex = 0; lastKnownFileType = unknown; name = "Urbanist-ExtraBoldItalic.ttf"; path = "../src/asset/fonts/Urbanist-ExtraBoldItalic.ttf"; sourceTree = "<group>"; };
		CBBE206ABDEA406BAA5266F5 /* Poppins-LightItalic.ttf */ = {isa = PBXFileReference; explicitFileType = undefined; fileEncoding = 9; includeInIndex = 0; lastKnownFileType = unknown; name = "Poppins-LightItalic.ttf"; path = "../src/asset/fonts/Poppins-LightItalic.ttf"; sourceTree = "<group>"; };
		D261FCF080F048CEAC219167 /* Inter-ExtraBold.ttf */ = {isa = PBXFileReference; explicitFileType = undefined; fileEncoding = 9; includeInIndex = 0; lastKnownFileType = unknown; name = "Inter-ExtraBold.ttf"; path = "../src/asset/fonts/Inter-ExtraBold.ttf"; sourceTree = "<group>"; };
		D7E69755F5F14DEFB6B52474 /* Urbanist-MediumItalic.ttf */ = {isa = PBXFileReference; explicitFileType = undefined; fileEncoding = 9; includeInIndex = 0; lastKnownFileType = unknown; name = "Urbanist-MediumItalic.ttf"; path = "../src/asset/fonts/Urbanist-MediumItalic.ttf"; sourceTree = "<group>"; };
		DDDF7C75A9AE4652A90884F8 /* Poppins-SemiBoldItalic.ttf */ = {isa = PBXFileReference; explicitFileType = undefined; fileEncoding = 9; includeInIndex = 0; lastKnownFileType = unknown; name = "Poppins-SemiBoldItalic.ttf"; path = "../src/asset/fonts/Poppins-SemiBoldItalic.ttf"; sourceTree = "<group>"; };
		E746B40838B6463AB66B6E6C /* Inter-Bold.ttf */ = {isa = PBXFileReference; explicitFileType = undefined; fileEncoding = 9; includeInIndex = 0; lastKnownFileType = unknown; name = "Inter-Bold.ttf"; path = "../src/asset/fonts/Inter-Bold.ttf"; sourceTree = "<group>"; };
		ED297162215061F000B7C4FE /* JavaScriptCore.framework */ = {isa = PBXFileReference; lastKnownFileType = wrapper.framework; name = JavaScriptCore.framework; path = System/Library/Frameworks/JavaScriptCore.framework; sourceTree = SDKROOT; };
		F1104AACEE30461C953B106F /* Inter-Medium.ttf */ = {isa = PBXFileReference; explicitFileType = undefined; fileEncoding = 9; includeInIndex = 0; lastKnownFileType = unknown; name = "Inter-Medium.ttf"; path = "../src/asset/fonts/Inter-Medium.ttf"; sourceTree = "<group>"; };
		F6C0FF005EC76192512DBA0B /* Pods_Morinaga_MorinagaTests.framework */ = {isa = PBXFileReference; explicitFileType = wrapper.framework; includeInIndex = 0; path = Pods_Morinaga_MorinagaTests.framework; sourceTree = BUILT_PRODUCTS_DIR; };
		F700CDD2A8DF41A3AD243617 /* Urbanist-Thin.ttf */ = {isa = PBXFileReference; explicitFileType = undefined; fileEncoding = 9; includeInIndex = 0; lastKnownFileType = unknown; name = "Urbanist-Thin.ttf"; path = "../src/asset/fonts/Urbanist-Thin.ttf"; sourceTree = "<group>"; };
		FA3CD49B2A6580B2007BCFB9 /* GoogleService-Info.plist */ = {isa = PBXFileReference; fileEncoding = 4; lastKnownFileType = text.plist.xml; path = "GoogleService-Info.plist"; sourceTree = "<group>"; };
		FA4C4D5A2A5DC17E002C40CE /* BootSplash.storyboard */ = {isa = PBXFileReference; fileEncoding = 4; lastKnownFileType = file.storyboard; name = BootSplash.storyboard; path = Morinaga/BootSplash.storyboard; sourceTree = "<group>"; };
/* End PBXFileReference section */

/* Begin PBXFrameworksBuildPhase section */
		00E356EB1AD99517003FC87E /* Frameworks */ = {
			isa = PBXFrameworksBuildPhase;
			buildActionMask = 2147483647;
			files = (
				79562D076A2FC03155E8B658 /* Pods_Morinaga_MorinagaTests.framework in Frameworks */,
			);
			runOnlyForDeploymentPostprocessing = 0;
		};
		13B07F8C1A680F5B00A75B9A /* Frameworks */ = {
			isa = PBXFrameworksBuildPhase;
			buildActionMask = 2147483647;
			files = (
				2BCC17A58A6D4CF92CAC0BE6 /* Pods_Morinaga.framework in Frameworks */,
			);
			runOnlyForDeploymentPostprocessing = 0;
		};
/* End PBXFrameworksBuildPhase section */

/* Begin PBXGroup section */
		00E356EF1AD99517003FC87E /* MorinagaTests */ = {
			isa = PBXGroup;
			children = (
				00E356F21AD99517003FC87E /* MorinagaTests.m */,
				00E356F01AD99517003FC87E /* Supporting Files */,
			);
			path = MorinagaTests;
			sourceTree = "<group>";
		};
		00E356F01AD99517003FC87E /* Supporting Files */ = {
			isa = PBXGroup;
			children = (
				00E356F11AD99517003FC87E /* Info.plist */,
			);
			name = "Supporting Files";
			sourceTree = "<group>";
		};
		13B07FAE1A68108700A75B9A /* Morinaga */ = {
			isa = PBXGroup;
			children = (
				13B07FAF1A68108700A75B9A /* AppDelegate.h */,
				13B07FB01A68108700A75B9A /* AppDelegate.mm */,
				13B07FB51A68108700A75B9A /* Images.xcassets */,
				FA4C4D5A2A5DC17E002C40CE /* BootSplash.storyboard */,
				13B07FB61A68108700A75B9A /* Info.plist */,
				81AB9BB72411601600AC10FF /* LaunchScreen.storyboard */,
				13B07FB71A68108700A75B9A /* main.m */,
			);
			name = Morinaga;
			sourceTree = "<group>";
		};
		2D16E6871FA4F8E400B85C8A /* Frameworks */ = {
			isa = PBXGroup;
			children = (
				ED297162215061F000B7C4FE /* JavaScriptCore.framework */,
				59D433BD1EA6E9896086F516 /* Pods_Morinaga.framework */,
				F6C0FF005EC76192512DBA0B /* Pods_Morinaga_MorinagaTests.framework */,
			);
			name = Frameworks;
			sourceTree = "<group>";
		};
		61C46FF085A44697B5509A3D /* Resources */ = {
			isa = PBXGroup;
			children = (
				295A7828980C4BDD985BAF8F /* Inter-Black.ttf */,
				E746B40838B6463AB66B6E6C /* Inter-Bold.ttf */,
				D261FCF080F048CEAC219167 /* Inter-ExtraBold.ttf */,
				442261BC85D14A6389DBD161 /* Inter-ExtraLight.ttf */,
				7509624E810840D2ADA832C3 /* Inter-Light.ttf */,
				F1104AACEE30461C953B106F /* Inter-Medium.ttf */,
				68DD431532F44F1C91EE37D9 /* Inter-Regular.ttf */,
				276D309D9D1941439302FF3F /* Inter-SemiBold.ttf */,
				933F2FB41EE94535A7F25357 /* Inter-Thin.ttf */,
				98203F4A2B224A4B8DE32B5D /* Poppins-Black.ttf */,
				9A1DC1C2BB9C4CA59CE99F9B /* Poppins-BlackItalic.ttf */,
				452EDDF6CB1F4708B5D677B1 /* Poppins-Bold.ttf */,
				21C076D724E24FCAA679BDDE /* Poppins-BoldItalic.ttf */,
				B84F0BC224A54FBB9DDB5AF3 /* Poppins-ExtraBold.ttf */,
				BC15B48527A74231927EF7BB /* Poppins-ExtraBoldItalic.ttf */,
				A3F70AE0AA534118B0BCF1B6 /* Poppins-ExtraLight.ttf */,
				9E1A0E00CE654E8D9D1806D0 /* Poppins-ExtraLightItalic.ttf */,
				9C4F9B779F96430EAA275ECE /* Poppins-Italic.ttf */,
				128F7F81999547A8BB457668 /* Poppins-Light.ttf */,
				CBBE206ABDEA406BAA5266F5 /* Poppins-LightItalic.ttf */,
				778BE02352B44B38870CF366 /* Poppins-Medium.ttf */,
				2686FFF080B5495E98D405FB /* Poppins-MediumItalic.ttf */,
				904D67E7DA124F47AE4B93E3 /* Poppins-Regular.ttf */,
				5D854766FAD54E218F35866C /* Poppins-SemiBold.ttf */,
				DDDF7C75A9AE4652A90884F8 /* Poppins-SemiBoldItalic.ttf */,
				7FBA45EC9EC4422595656BD6 /* Poppins-Thin.ttf */,
				054A1BC8171042479F10E57D /* Poppins-ThinItalic.ttf */,
				3EAD7DA1571C466C80CC82A3 /* Urbanist-Black.ttf */,
				1BB38A68A93040E1B0760A25 /* Urbanist-BlackItalic.ttf */,
				13E819BFCACD46B5A5DA8F44 /* Urbanist-Bold.ttf */,
				4378F500D266413B9AC12673 /* Urbanist-BoldItalic.ttf */,
				9197B5383255446E8A67E3E5 /* Urbanist-ExtraBold.ttf */,
				C3BA3764082F44469F40941E /* Urbanist-ExtraBoldItalic.ttf */,
				1E069222FB6F463482672553 /* Urbanist-ExtraLight.ttf */,
				2826D57D53CA437E99D58D06 /* Urbanist-ExtraLightItalic.ttf */,
				AE740B251E4D475CA4DFD88D /* Urbanist-Italic.ttf */,
				702529EB10A545968BCBA912 /* Urbanist-Light.ttf */,
				4B20159E09834653A96F0B8E /* Urbanist-LightItalic.ttf */,
				846174CA093A49D598D72753 /* Urbanist-Medium.ttf */,
				D7E69755F5F14DEFB6B52474 /* Urbanist-MediumItalic.ttf */,
				3A8AC883AADC4DF08C33BD28 /* Urbanist-Regular.ttf */,
				6D83FEA749A44FB6960E08B5 /* Urbanist-SemiBold.ttf */,
				40E3CAFF805D496CAA607076 /* Urbanist-SemiBoldItalic.ttf */,
				F700CDD2A8DF41A3AD243617 /* Urbanist-Thin.ttf */,
				B32F46E3285B4D39BBB9FC8F /* Urbanist-ThinItalic.ttf */,
			);
			name = Resources;
			sourceTree = "<group>";
		};
		832341AE1AAA6A7D00B99B32 /* Libraries */ = {
			isa = PBXGroup;
			children = (
			);
			name = Libraries;
			sourceTree = "<group>";
		};
		83CBB9F61A601CBA00E9B192 = {
			isa = PBXGroup;
			children = (
				FA3CD49B2A6580B2007BCFB9 /* GoogleService-Info.plist */,
				13B07FAE1A68108700A75B9A /* Morinaga */,
				832341AE1AAA6A7D00B99B32 /* Libraries */,
				00E356EF1AD99517003FC87E /* MorinagaTests */,
				83CBBA001A601CBA00E9B192 /* Products */,
				2D16E6871FA4F8E400B85C8A /* Frameworks */,
				BBD78D7AC51CEA395F1C20DB /* Pods */,
				61C46FF085A44697B5509A3D /* Resources */,
			);
			indentWidth = 2;
			sourceTree = "<group>";
			tabWidth = 2;
			usesTabs = 0;
		};
		83CBBA001A601CBA00E9B192 /* Products */ = {
			isa = PBXGroup;
			children = (
				13B07F961A680F5B00A75B9A /* Morinaga.app */,
				00E356EE1AD99517003FC87E /* MorinagaTests.xctest */,
			);
			name = Products;
			sourceTree = "<group>";
		};
		BBD78D7AC51CEA395F1C20DB /* Pods */ = {
			isa = PBXGroup;
			children = (
				3B4392A12AC88292D35C810B /* Pods-Morinaga.debug.xcconfig */,
				5709B34CF0A7D63546082F79 /* Pods-Morinaga.release.xcconfig */,
				5B7EB9410499542E8C5724F5 /* Pods-Morinaga-MorinagaTests.debug.xcconfig */,
				89C6BE57DB24E9ADA2F236DE /* Pods-Morinaga-MorinagaTests.release.xcconfig */,
			);
			path = Pods;
			sourceTree = "<group>";
		};
/* End PBXGroup section */

/* Begin PBXNativeTarget section */
		00E356ED1AD99517003FC87E /* MorinagaTests */ = {
			isa = PBXNativeTarget;
			buildConfigurationList = 00E357021AD99517003FC87E /* Build configuration list for PBXNativeTarget "MorinagaTests" */;
			buildPhases = (
				A55EABD7B0C7F3A422A6CC61 /* [CP] Check Pods Manifest.lock */,
				00E356EA1AD99517003FC87E /* Sources */,
				00E356EB1AD99517003FC87E /* Frameworks */,
				00E356EC1AD99517003FC87E /* Resources */,
				C59DA0FBD6956966B86A3779 /* [CP] Embed Pods Frameworks */,
				F6A41C54EA430FDDC6A6ED99 /* [CP] Copy Pods Resources */,
			);
			buildRules = (
			);
			dependencies = (
				00E356F51AD99517003FC87E /* PBXTargetDependency */,
			);
			name = MorinagaTests;
			productName = MorinagaTests;
			productReference = 00E356EE1AD99517003FC87E /* MorinagaTests.xctest */;
			productType = "com.apple.product-type.bundle.unit-test";
		};
		13B07F861A680F5B00A75B9A /* Morinaga */ = {
			isa = PBXNativeTarget;
			buildConfigurationList = 13B07F931A680F5B00A75B9A /* Build configuration list for PBXNativeTarget "Morinaga" */;
			buildPhases = (
				C38B50BA6285516D6DCD4F65 /* [CP] Check Pods Manifest.lock */,
				FD10A7F022414F080027D42C /* Start Packager */,
				13B07F871A680F5B00A75B9A /* Sources */,
				13B07F8C1A680F5B00A75B9A /* Frameworks */,
				13B07F8E1A680F5B00A75B9A /* Resources */,
				00DD1BFF1BD5951E006B06BC /* Bundle React Native code and images */,
				00EEFC60759A1932668264C0 /* [CP] Embed Pods Frameworks */,
				E235C05ADACE081382539298 /* [CP] Copy Pods Resources */,
				94D5C40EC10B84CB8BE03D00 /* [CP-User] [RNFB] Core Configuration */,
			);
			buildRules = (
			);
			dependencies = (
			);
			name = Morinaga;
			productName = Morinaga;
			productReference = 13B07F961A680F5B00A75B9A /* Morinaga.app */;
			productType = "com.apple.product-type.application";
		};
/* End PBXNativeTarget section */

/* Begin PBXProject section */
		83CBB9F71A601CBA00E9B192 /* Project object */ = {
			isa = PBXProject;
			attributes = {
				LastUpgradeCheck = 1210;
				TargetAttributes = {
					00E356ED1AD99517003FC87E = {
						CreatedOnToolsVersion = 6.2;
						TestTargetID = 13B07F861A680F5B00A75B9A;
					};
					13B07F861A680F5B00A75B9A = {
						LastSwiftMigration = 1120;
					};
				};
			};
			buildConfigurationList = 83CBB9FA1A601CBA00E9B192 /* Build configuration list for PBXProject "Morinaga" */;
			compatibilityVersion = "Xcode 12.0";
			developmentRegion = en;
			hasScannedForEncodings = 0;
			knownRegions = (
				en,
				Base,
			);
			mainGroup = 83CBB9F61A601CBA00E9B192;
			productRefGroup = 83CBBA001A601CBA00E9B192 /* Products */;
			projectDirPath = "";
			projectRoot = "";
			targets = (
				13B07F861A680F5B00A75B9A /* Morinaga */,
				00E356ED1AD99517003FC87E /* MorinagaTests */,
			);
		};
/* End PBXProject section */

/* Begin PBXResourcesBuildPhase section */
		00E356EC1AD99517003FC87E /* Resources */ = {
			isa = PBXResourcesBuildPhase;
			buildActionMask = 2147483647;
			files = (
			);
			runOnlyForDeploymentPostprocessing = 0;
		};
		13B07F8E1A680F5B00A75B9A /* Resources */ = {
			isa = PBXResourcesBuildPhase;
			buildActionMask = 2147483647;
			files = (
				81AB9BB82411601600AC10FF /* LaunchScreen.storyboard in Resources */,
				13B07FBF1A68108700A75B9A /* Images.xcassets in Resources */,
				B28FA5EFEE85496597AF7C86 /* Inter-Black.ttf in Resources */,
				392B2579B1C04546986E5E27 /* Inter-Bold.ttf in Resources */,
				C8243716127C430E80EA2A47 /* Inter-ExtraBold.ttf in Resources */,
				28723AC4C0F54C52BC2F0E4A /* Inter-ExtraLight.ttf in Resources */,
				A2650F102A4143FD9705ED18 /* Inter-Light.ttf in Resources */,
				FBCFE7DC842E42CEB3647CFF /* Inter-Medium.ttf in Resources */,
				BFE020F6C78D493DBA8DDFBA /* Inter-Regular.ttf in Resources */,
				8EF7DF496FAD48E7A2D9AC83 /* Inter-SemiBold.ttf in Resources */,
				A844270DC67C427D885D7BD3 /* Inter-Thin.ttf in Resources */,
				4A3900CDA66543EC8BD8C14B /* Poppins-Black.ttf in Resources */,
				76FA5CA9922B454596B007BD /* Poppins-BlackItalic.ttf in Resources */,
				720A0F7F1B6546A7BDA6D81F /* Poppins-Bold.ttf in Resources */,
				FE8CFF6061C84C839A98E020 /* Poppins-BoldItalic.ttf in Resources */,
				D9B72F34567B4509B2CFF69F /* Poppins-ExtraBold.ttf in Resources */,
				F9EA2047F3D844F08691A0A4 /* Poppins-ExtraBoldItalic.ttf in Resources */,
				0E95EB98BDC74236AFFC6D4D /* Poppins-ExtraLight.ttf in Resources */,
				6EDE0E4B206B453BA6627ED2 /* Poppins-ExtraLightItalic.ttf in Resources */,
				AF4D32EBE7014479B11BD418 /* Poppins-Italic.ttf in Resources */,
				0BA7C986FBC946E08BBC413B /* Poppins-Light.ttf in Resources */,
				29195AEFFA944FCF87813B2A /* Poppins-LightItalic.ttf in Resources */,
				49044C7160544E499E1B616F /* Poppins-Medium.ttf in Resources */,
				38D619FAEEBE415DBAC3E2F0 /* Poppins-MediumItalic.ttf in Resources */,
				C1BC08277B4B462C9E542513 /* Poppins-Regular.ttf in Resources */,
				2170F3DC8A9744C9A0057909 /* Poppins-SemiBold.ttf in Resources */,
				009B9C6340424E048586F7D2 /* Poppins-SemiBoldItalic.ttf in Resources */,
				FA4C4D5B2A5DC17F002C40CE /* BootSplash.storyboard in Resources */,
				CBD25F9A7D4B4A6E961E4F2A /* Poppins-Thin.ttf in Resources */,
				1C0C20FE049A4506B6A0302B /* Poppins-ThinItalic.ttf in Resources */,
				C1C6C537E4A84C40A54191BE /* Urbanist-Black.ttf in Resources */,
				979CDAEB4E4742B6B5A49A5D /* Urbanist-BlackItalic.ttf in Resources */,
				41746B0C96274A5FA156BD1F /* Urbanist-Bold.ttf in Resources */,
				23C5091A2DA34CB985713E7C /* Urbanist-BoldItalic.ttf in Resources */,
				FFDD977AA1634BD2AB26C052 /* Urbanist-ExtraBold.ttf in Resources */,
				A8A09E4AFC7F4C429DF823BE /* Urbanist-ExtraBoldItalic.ttf in Resources */,
				BFDAA32506EA485EB9EB7AB1 /* Urbanist-ExtraLight.ttf in Resources */,
				3B98772BBE654445AFA429EC /* Urbanist-ExtraLightItalic.ttf in Resources */,
				21D8F887833E4BAF84336303 /* Urbanist-Italic.ttf in Resources */,
				747AA39DAF4C4D04B9AEB831 /* Urbanist-Light.ttf in Resources */,
				50ED2D2274B848F7A9351776 /* Urbanist-LightItalic.ttf in Resources */,
				EAD6A8A40CFB43FC8674C3DD /* Urbanist-Medium.ttf in Resources */,
				A6623A0625F14B3CA5242306 /* Urbanist-MediumItalic.ttf in Resources */,
				B1B871045F8E47E9B29B3F87 /* Urbanist-Regular.ttf in Resources */,
				5DF15FD9089244A7B6E7464F /* Urbanist-SemiBold.ttf in Resources */,
				C539DD78198B4C089BED7CB9 /* Urbanist-SemiBoldItalic.ttf in Resources */,
				3097E572BF9145B8A6A78265 /* Urbanist-Thin.ttf in Resources */,
				E63C83B44A464574883D8EF4 /* Urbanist-ThinItalic.ttf in Resources */,
				FA3CD49C2A6580B2007BCFB9 /* GoogleService-Info.plist in Resources */,
			);
			runOnlyForDeploymentPostprocessing = 0;
		};
/* End PBXResourcesBuildPhase section */

/* Begin PBXShellScriptBuildPhase section */
		00DD1BFF1BD5951E006B06BC /* Bundle React Native code and images */ = {
			isa = PBXShellScriptBuildPhase;
			buildActionMask = 2147483647;
			files = (
			);
			inputPaths = (
				"$(SRCROOT)/.xcode.env.local",
				"$(SRCROOT)/.xcode.env",
			);
			name = "Bundle React Native code and images";
			outputPaths = (
			);
			runOnlyForDeploymentPostprocessing = 0;
			shellPath = /bin/sh;
			shellScript = "set -e\n\nWITH_ENVIRONMENT=\"../node_modules/react-native/scripts/xcode/with-environment.sh\"\nREACT_NATIVE_XCODE=\"../node_modules/react-native/scripts/react-native-xcode.sh\"\n\n/bin/sh -c \"$WITH_ENVIRONMENT $REACT_NATIVE_XCODE\"\n";
		};
		00EEFC60759A1932668264C0 /* [CP] Embed Pods Frameworks */ = {
			isa = PBXShellScriptBuildPhase;
			buildActionMask = 2147483647;
			files = (
			);
			inputFileListPaths = (
				"${PODS_ROOT}/Target Support Files/Pods-Morinaga/Pods-Morinaga-frameworks-${CONFIGURATION}-input-files.xcfilelist",
			);
			name = "[CP] Embed Pods Frameworks";
			outputFileListPaths = (
				"${PODS_ROOT}/Target Support Files/Pods-Morinaga/Pods-Morinaga-frameworks-${CONFIGURATION}-output-files.xcfilelist",
			);
			runOnlyForDeploymentPostprocessing = 0;
			shellPath = /bin/sh;
			shellScript = "\"${PODS_ROOT}/Target Support Files/Pods-Morinaga/Pods-Morinaga-frameworks.sh\"\n";
			showEnvVarsInLog = 0;
		};
		94D5C40EC10B84CB8BE03D00 /* [CP-User] [RNFB] Core Configuration */ = {
			isa = PBXShellScriptBuildPhase;
			buildActionMask = 2147483647;
			files = (
			);
			inputPaths = (
				"$(BUILT_PRODUCTS_DIR)/$(INFOPLIST_PATH)",
			);
			name = "[CP-User] [RNFB] Core Configuration";
			runOnlyForDeploymentPostprocessing = 0;
			shellPath = /bin/sh;
			shellScript = "#!/usr/bin/env bash\n#\n# Copyright (c) 2016-present Invertase Limited & Contributors\n#\n# Licensed under the Apache License, Version 2.0 (the \"License\");\n# you may not use this library except in compliance with the License.\n# You may obtain a copy of the License at\n#\n#   http://www.apache.org/licenses/LICENSE-2.0\n#\n# Unless required by applicable law or agreed to in writing, software\n# distributed under the License is distributed on an \"AS IS\" BASIS,\n# WITHOUT WARRANTIES OR CONDITIONS OF ANY KIND, either express or implied.\n# See the License for the specific language governing permissions and\n# limitations under the License.\n#\nset -e\n\n_MAX_LOOKUPS=2;\n_SEARCH_RESULT=''\n_RN_ROOT_EXISTS=''\n_CURRENT_LOOKUPS=1\n_JSON_ROOT=\"'react-native'\"\n_JSON_FILE_NAME='firebase.json'\n_JSON_OUTPUT_BASE64='e30=' # { }\n_CURRENT_SEARCH_DIR=${PROJECT_DIR}\n_PLIST_BUDDY=/usr/libexec/PlistBuddy\n_TARGET_PLIST=\"${BUILT_PRODUCTS_DIR}/${INFOPLIST_PATH}\"\n_DSYM_PLIST=\"${DWARF_DSYM_FOLDER_PATH}/${DWARF_DSYM_FILE_NAME}/Contents/Info.plist\"\n\n# plist arrays\n_PLIST_ENTRY_KEYS=()\n_PLIST_ENTRY_TYPES=()\n_PLIST_ENTRY_VALUES=()\n\nfunction setPlistValue {\n  echo \"info:      setting plist entry '$1' of type '$2' in file '$4'\"\n  ${_PLIST_BUDDY} -c \"Add :$1 $2 '$3'\" $4 || echo \"info:      '$1' already exists\"\n}\n\nfunction getFirebaseJsonKeyValue () {\n  if [[ ${_RN_ROOT_EXISTS} ]]; then\n    ruby -Ku -e \"require 'rubygems';require 'json'; output=JSON.parse('$1'); puts output[$_JSON_ROOT]['$2']\"\n  else\n    echo \"\"\n  fi;\n}\n\nfunction jsonBoolToYesNo () {\n  if [[ $1 == \"false\" ]]; then\n    echo \"NO\"\n  elif [[ $1 == \"true\" ]]; then\n    echo \"YES\"\n  else echo \"NO\"\n  fi\n}\n\necho \"info: -> RNFB build script started\"\necho \"info: 1) Locating ${_JSON_FILE_NAME} file:\"\n\nif [[ -z ${_CURRENT_SEARCH_DIR} ]]; then\n  _CURRENT_SEARCH_DIR=$(pwd)\nfi;\n\nwhile true; do\n  _CURRENT_SEARCH_DIR=$(dirname \"$_CURRENT_SEARCH_DIR\")\n  if [[ \"$_CURRENT_SEARCH_DIR\" == \"/\" ]] || [[ ${_CURRENT_LOOKUPS} -gt ${_MAX_LOOKUPS} ]]; then break; fi;\n  echo \"info:      ($_CURRENT_LOOKUPS of $_MAX_LOOKUPS) Searching in '$_CURRENT_SEARCH_DIR' for a ${_JSON_FILE_NAME} file.\"\n  _SEARCH_RESULT=$(find \"$_CURRENT_SEARCH_DIR\" -maxdepth 2 -name ${_JSON_FILE_NAME} -print | /usr/bin/head -n 1)\n  if [[ ${_SEARCH_RESULT} ]]; then\n    echo \"info:      ${_JSON_FILE_NAME} found at $_SEARCH_RESULT\"\n    break;\n  fi;\n  _CURRENT_LOOKUPS=$((_CURRENT_LOOKUPS+1))\ndone\n\nif [[ ${_SEARCH_RESULT} ]]; then\n  _JSON_OUTPUT_RAW=$(cat \"${_SEARCH_RESULT}\")\n  _RN_ROOT_EXISTS=$(ruby -Ku -e \"require 'rubygems';require 'json'; output=JSON.parse('$_JSON_OUTPUT_RAW'); puts output[$_JSON_ROOT]\" || echo '')\n\n  if [[ ${_RN_ROOT_EXISTS} ]]; then\n    if ! python3 --version >/dev/null 2>&1; then echo \"python3 not found, firebase.json file processing error.\" && exit 1; fi\n    _JSON_OUTPUT_BASE64=$(python3 -c 'import json,sys,base64;print(base64.b64encode(bytes(json.dumps(json.loads(open('\"'${_SEARCH_RESULT}'\"', '\"'rb'\"').read())['${_JSON_ROOT}']), '\"'utf-8'\"')).decode())' || echo \"e30=\")\n  fi\n\n  _PLIST_ENTRY_KEYS+=(\"firebase_json_raw\")\n  _PLIST_ENTRY_TYPES+=(\"string\")\n  _PLIST_ENTRY_VALUES+=(\"$_JSON_OUTPUT_BASE64\")\n\n  # config.app_data_collection_default_enabled\n  _APP_DATA_COLLECTION_ENABLED=$(getFirebaseJsonKeyValue \"$_JSON_OUTPUT_RAW\" \"app_data_collection_default_enabled\")\n  if [[ $_APP_DATA_COLLECTION_ENABLED ]]; then\n    _PLIST_ENTRY_KEYS+=(\"FirebaseDataCollectionDefaultEnabled\")\n    _PLIST_ENTRY_TYPES+=(\"bool\")\n    _PLIST_ENTRY_VALUES+=(\"$(jsonBoolToYesNo \"$_APP_DATA_COLLECTION_ENABLED\")\")\n  fi\n\n  # config.analytics_auto_collection_enabled\n  _ANALYTICS_AUTO_COLLECTION=$(getFirebaseJsonKeyValue \"$_JSON_OUTPUT_RAW\" \"analytics_auto_collection_enabled\")\n  if [[ $_ANALYTICS_AUTO_COLLECTION ]]; then\n    _PLIST_ENTRY_KEYS+=(\"FIREBASE_ANALYTICS_COLLECTION_ENABLED\")\n    _PLIST_ENTRY_TYPES+=(\"bool\")\n    _PLIST_ENTRY_VALUES+=(\"$(jsonBoolToYesNo \"$_ANALYTICS_AUTO_COLLECTION\")\")\n  fi\n\n  # config.analytics_collection_deactivated\n  _ANALYTICS_DEACTIVATED=$(getFirebaseJsonKeyValue \"$_JSON_OUTPUT_RAW\" \"analytics_collection_deactivated\")\n  if [[ $_ANALYTICS_DEACTIVATED ]]; then\n    _PLIST_ENTRY_KEYS+=(\"FIREBASE_ANALYTICS_COLLECTION_DEACTIVATED\")\n    _PLIST_ENTRY_TYPES+=(\"bool\")\n    _PLIST_ENTRY_VALUES+=(\"$(jsonBoolToYesNo \"$_ANALYTICS_DEACTIVATED\")\")\n  fi\n\n  # config.analytics_idfv_collection_enabled\n  _ANALYTICS_IDFV_COLLECTION=$(getFirebaseJsonKeyValue \"$_JSON_OUTPUT_RAW\" \"analytics_idfv_collection_enabled\")\n  if [[ $_ANALYTICS_IDFV_COLLECTION ]]; then\n    _PLIST_ENTRY_KEYS+=(\"GOOGLE_ANALYTICS_IDFV_COLLECTION_ENABLED\")\n    _PLIST_ENTRY_TYPES+=(\"bool\")\n    _PLIST_ENTRY_VALUES+=(\"$(jsonBoolToYesNo \"$_ANALYTICS_IDFV_COLLECTION\")\")\n  fi\n\n  # config.analytics_default_allow_ad_personalization_signals\n  _ANALYTICS_PERSONALIZATION=$(getFirebaseJsonKeyValue \"$_JSON_OUTPUT_RAW\" \"analytics_default_allow_ad_personalization_signals\")\n  if [[ $_ANALYTICS_PERSONALIZATION ]]; then\n    _PLIST_ENTRY_KEYS+=(\"GOOGLE_ANALYTICS_DEFAULT_ALLOW_AD_PERSONALIZATION_SIGNALS\")\n    _PLIST_ENTRY_TYPES+=(\"bool\")\n    _PLIST_ENTRY_VALUES+=(\"$(jsonBoolToYesNo \"$_ANALYTICS_PERSONALIZATION\")\")\n  fi\n\n  # config.analytics_registration_with_ad_network_enabled\n  _ANALYTICS_REGISTRATION_WITH_AD_NETWORK=$(getFirebaseJsonKeyValue \"$_JSON_OUTPUT_RAW\" \"google_analytics_registration_with_ad_network_enabled\")\n  if [[ $_ANALYTICS_REGISTRATION_WITH_AD_NETWORK ]]; then\n    _PLIST_ENTRY_KEYS+=(\"GOOGLE_ANALYTICS_REGISTRATION_WITH_AD_NETWORK_ENABLED\")\n    _PLIST_ENTRY_TYPES+=(\"bool\")\n    _PLIST_ENTRY_VALUES+=(\"$(jsonBoolToYesNo \"$_ANALYTICS_REGISTRATION_WITH_AD_NETWORK\")\")\n  fi\n\n  # config.google_analytics_automatic_screen_reporting_enabled\n  _ANALYTICS_AUTO_SCREEN_REPORTING=$(getFirebaseJsonKeyValue \"$_JSON_OUTPUT_RAW\" \"google_analytics_automatic_screen_reporting_enabled\")\n  if [[ $_ANALYTICS_AUTO_SCREEN_REPORTING ]]; then\n    _PLIST_ENTRY_KEYS+=(\"FirebaseAutomaticScreenReportingEnabled\")\n    _PLIST_ENTRY_TYPES+=(\"bool\")\n    _PLIST_ENTRY_VALUES+=(\"$(jsonBoolToYesNo \"$_ANALYTICS_AUTO_SCREEN_REPORTING\")\")\n  fi\n\n  # config.perf_auto_collection_enabled\n  _PERF_AUTO_COLLECTION=$(getFirebaseJsonKeyValue \"$_JSON_OUTPUT_RAW\" \"perf_auto_collection_enabled\")\n  if [[ $_PERF_AUTO_COLLECTION ]]; then\n    _PLIST_ENTRY_KEYS+=(\"firebase_performance_collection_enabled\")\n    _PLIST_ENTRY_TYPES+=(\"bool\")\n    _PLIST_ENTRY_VALUES+=(\"$(jsonBoolToYesNo \"$_PERF_AUTO_COLLECTION\")\")\n  fi\n\n  # config.perf_collection_deactivated\n  _PERF_DEACTIVATED=$(getFirebaseJsonKeyValue \"$_JSON_OUTPUT_RAW\" \"perf_collection_deactivated\")\n  if [[ $_PERF_DEACTIVATED ]]; then\n    _PLIST_ENTRY_KEYS+=(\"firebase_performance_collection_deactivated\")\n    _PLIST_ENTRY_TYPES+=(\"bool\")\n    _PLIST_ENTRY_VALUES+=(\"$(jsonBoolToYesNo \"$_PERF_DEACTIVATED\")\")\n  fi\n\n  # config.messaging_auto_init_enabled\n  _MESSAGING_AUTO_INIT=$(getFirebaseJsonKeyValue \"$_JSON_OUTPUT_RAW\" \"messaging_auto_init_enabled\")\n  if [[ $_MESSAGING_AUTO_INIT ]]; then\n    _PLIST_ENTRY_KEYS+=(\"FirebaseMessagingAutoInitEnabled\")\n    _PLIST_ENTRY_TYPES+=(\"bool\")\n    _PLIST_ENTRY_VALUES+=(\"$(jsonBoolToYesNo \"$_MESSAGING_AUTO_INIT\")\")\n  fi\n\n  # config.in_app_messaging_auto_colllection_enabled\n  _FIAM_AUTO_INIT=$(getFirebaseJsonKeyValue \"$_JSON_OUTPUT_RAW\" \"in_app_messaging_auto_collection_enabled\")\n  if [[ $_FIAM_AUTO_INIT ]]; then\n    _PLIST_ENTRY_KEYS+=(\"FirebaseInAppMessagingAutomaticDataCollectionEnabled\")\n    _PLIST_ENTRY_TYPES+=(\"bool\")\n    _PLIST_ENTRY_VALUES+=(\"$(jsonBoolToYesNo \"$_FIAM_AUTO_INIT\")\")\n  fi\n\n  # config.app_check_token_auto_refresh\n  _APP_CHECK_TOKEN_AUTO_REFRESH=$(getFirebaseJsonKeyValue \"$_JSON_OUTPUT_RAW\" \"app_check_token_auto_refresh\")\n  if [[ $_APP_CHECK_TOKEN_AUTO_REFRESH ]]; then\n    _PLIST_ENTRY_KEYS+=(\"FirebaseAppCheckTokenAutoRefreshEnabled\")\n    _PLIST_ENTRY_TYPES+=(\"bool\")\n    _PLIST_ENTRY_VALUES+=(\"$(jsonBoolToYesNo \"$_APP_CHECK_TOKEN_AUTO_REFRESH\")\")\n  fi\n\n  # config.crashlytics_disable_auto_disabler - undocumented for now - mainly for debugging, document if becomes useful\n  _CRASHLYTICS_AUTO_DISABLE_ENABLED=$(getFirebaseJsonKeyValue \"$_JSON_OUTPUT_RAW\" \"crashlytics_disable_auto_disabler\")\n  if [[ $_CRASHLYTICS_AUTO_DISABLE_ENABLED == \"true\" ]]; then\n    echo \"Disabled Crashlytics auto disabler.\" # do nothing\n  else\n    _PLIST_ENTRY_KEYS+=(\"FirebaseCrashlyticsCollectionEnabled\")\n    _PLIST_ENTRY_TYPES+=(\"bool\")\n    _PLIST_ENTRY_VALUES+=(\"NO\")\n  fi\nelse\n  _PLIST_ENTRY_KEYS+=(\"firebase_json_raw\")\n  _PLIST_ENTRY_TYPES+=(\"string\")\n  _PLIST_ENTRY_VALUES+=(\"$_JSON_OUTPUT_BASE64\")\n  echo \"warning:   A firebase.json file was not found, whilst this file is optional it is recommended to include it to configure firebase services in React Native Firebase.\"\nfi;\n\necho \"info: 2) Injecting Info.plist entries: \"\n\n# Log out the keys we're adding\nfor i in \"${!_PLIST_ENTRY_KEYS[@]}\"; do\n  echo \"    ->  $i) ${_PLIST_ENTRY_KEYS[$i]}\" \"${_PLIST_ENTRY_TYPES[$i]}\" \"${_PLIST_ENTRY_VALUES[$i]}\"\ndone\n\nfor plist in \"${_TARGET_PLIST}\" \"${_DSYM_PLIST}\" ; do\n  if [[ -f \"${plist}\" ]]; then\n\n    # paths with spaces break the call to setPlistValue. temporarily modify\n    # the shell internal field separator variable (IFS), which normally\n    # includes spaces, to consist only of line breaks\n    oldifs=$IFS\n    IFS=\"\n\"\n\n    for i in \"${!_PLIST_ENTRY_KEYS[@]}\"; do\n      setPlistValue \"${_PLIST_ENTRY_KEYS[$i]}\" \"${_PLIST_ENTRY_TYPES[$i]}\" \"${_PLIST_ENTRY_VALUES[$i]}\" \"${plist}\"\n    done\n\n    # restore the original internal field separator value\n    IFS=$oldifs\n  else\n    echo \"warning:   A Info.plist build output file was not found (${plist})\"\n  fi\ndone\n\necho \"info: <- RNFB build script finished\"\n";
		};
		A55EABD7B0C7F3A422A6CC61 /* [CP] Check Pods Manifest.lock */ = {
			isa = PBXShellScriptBuildPhase;
			buildActionMask = 2147483647;
			files = (
			);
			inputFileListPaths = (
			);
			inputPaths = (
				"${PODS_PODFILE_DIR_PATH}/Podfile.lock",
				"${PODS_ROOT}/Manifest.lock",
			);
			name = "[CP] Check Pods Manifest.lock";
			outputFileListPaths = (
			);
			outputPaths = (
				"$(DERIVED_FILE_DIR)/Pods-Morinaga-MorinagaTests-checkManifestLockResult.txt",
			);
			runOnlyForDeploymentPostprocessing = 0;
			shellPath = /bin/sh;
			shellScript = "diff \"${PODS_PODFILE_DIR_PATH}/Podfile.lock\" \"${PODS_ROOT}/Manifest.lock\" > /dev/null\nif [ $? != 0 ] ; then\n    # print error to STDERR\n    echo \"error: The sandbox is not in sync with the Podfile.lock. Run 'pod install' or update your CocoaPods installation.\" >&2\n    exit 1\nfi\n# This output is used by Xcode 'outputs' to avoid re-running this script phase.\necho \"SUCCESS\" > \"${SCRIPT_OUTPUT_FILE_0}\"\n";
			showEnvVarsInLog = 0;
		};
		C38B50BA6285516D6DCD4F65 /* [CP] Check Pods Manifest.lock */ = {
			isa = PBXShellScriptBuildPhase;
			buildActionMask = 2147483647;
			files = (
			);
			inputFileListPaths = (
			);
			inputPaths = (
				"${PODS_PODFILE_DIR_PATH}/Podfile.lock",
				"${PODS_ROOT}/Manifest.lock",
			);
			name = "[CP] Check Pods Manifest.lock";
			outputFileListPaths = (
			);
			outputPaths = (
				"$(DERIVED_FILE_DIR)/Pods-Morinaga-checkManifestLockResult.txt",
			);
			runOnlyForDeploymentPostprocessing = 0;
			shellPath = /bin/sh;
			shellScript = "diff \"${PODS_PODFILE_DIR_PATH}/Podfile.lock\" \"${PODS_ROOT}/Manifest.lock\" > /dev/null\nif [ $? != 0 ] ; then\n    # print error to STDERR\n    echo \"error: The sandbox is not in sync with the Podfile.lock. Run 'pod install' or update your CocoaPods installation.\" >&2\n    exit 1\nfi\n# This output is used by Xcode 'outputs' to avoid re-running this script phase.\necho \"SUCCESS\" > \"${SCRIPT_OUTPUT_FILE_0}\"\n";
			showEnvVarsInLog = 0;
		};
		C59DA0FBD6956966B86A3779 /* [CP] Embed Pods Frameworks */ = {
			isa = PBXShellScriptBuildPhase;
			buildActionMask = 2147483647;
			files = (
			);
			inputFileListPaths = (
				"${PODS_ROOT}/Target Support Files/Pods-Morinaga-MorinagaTests/Pods-Morinaga-MorinagaTests-frameworks-${CONFIGURATION}-input-files.xcfilelist",
			);
			name = "[CP] Embed Pods Frameworks";
			outputFileListPaths = (
				"${PODS_ROOT}/Target Support Files/Pods-Morinaga-MorinagaTests/Pods-Morinaga-MorinagaTests-frameworks-${CONFIGURATION}-output-files.xcfilelist",
			);
			runOnlyForDeploymentPostprocessing = 0;
			shellPath = /bin/sh;
			shellScript = "\"${PODS_ROOT}/Target Support Files/Pods-Morinaga-MorinagaTests/Pods-Morinaga-MorinagaTests-frameworks.sh\"\n";
			showEnvVarsInLog = 0;
		};
		E235C05ADACE081382539298 /* [CP] Copy Pods Resources */ = {
			isa = PBXShellScriptBuildPhase;
			buildActionMask = 2147483647;
			files = (
			);
			inputFileListPaths = (
				"${PODS_ROOT}/Target Support Files/Pods-Morinaga/Pods-Morinaga-resources-${CONFIGURATION}-input-files.xcfilelist",
			);
			name = "[CP] Copy Pods Resources";
			outputFileListPaths = (
				"${PODS_ROOT}/Target Support Files/Pods-Morinaga/Pods-Morinaga-resources-${CONFIGURATION}-output-files.xcfilelist",
			);
			runOnlyForDeploymentPostprocessing = 0;
			shellPath = /bin/sh;
			shellScript = "\"${PODS_ROOT}/Target Support Files/Pods-Morinaga/Pods-Morinaga-resources.sh\"\n";
			showEnvVarsInLog = 0;
		};
		F6A41C54EA430FDDC6A6ED99 /* [CP] Copy Pods Resources */ = {
			isa = PBXShellScriptBuildPhase;
			buildActionMask = 2147483647;
			files = (
			);
			inputFileListPaths = (
				"${PODS_ROOT}/Target Support Files/Pods-Morinaga-MorinagaTests/Pods-Morinaga-MorinagaTests-resources-${CONFIGURATION}-input-files.xcfilelist",
			);
			name = "[CP] Copy Pods Resources";
			outputFileListPaths = (
				"${PODS_ROOT}/Target Support Files/Pods-Morinaga-MorinagaTests/Pods-Morinaga-MorinagaTests-resources-${CONFIGURATION}-output-files.xcfilelist",
			);
			runOnlyForDeploymentPostprocessing = 0;
			shellPath = /bin/sh;
			shellScript = "\"${PODS_ROOT}/Target Support Files/Pods-Morinaga-MorinagaTests/Pods-Morinaga-MorinagaTests-resources.sh\"\n";
			showEnvVarsInLog = 0;
		};
		FD10A7F022414F080027D42C /* Start Packager */ = {
			isa = PBXShellScriptBuildPhase;
			buildActionMask = 2147483647;
			files = (
			);
			inputFileListPaths = (
			);
			inputPaths = (
			);
			name = "Start Packager";
			outputFileListPaths = (
			);
			outputPaths = (
			);
			runOnlyForDeploymentPostprocessing = 0;
			shellPath = /bin/sh;
			shellScript = "export RCT_METRO_PORT=\"${RCT_METRO_PORT:=8081}\"\necho \"export RCT_METRO_PORT=${RCT_METRO_PORT}\" > \"${SRCROOT}/../node_modules/react-native/scripts/.packager.env\"\nif [ -z \"${RCT_NO_LAUNCH_PACKAGER+xxx}\" ] ; then\n  if nc -w 5 -z localhost ${RCT_METRO_PORT} ; then\n    if ! curl -s \"http://localhost:${RCT_METRO_PORT}/status\" | grep -q \"packager-status:running\" ; then\n      echo \"Port ${RCT_METRO_PORT} already in use, packager is either not running or not running correctly\"\n      exit 2\n    fi\n  else\n    open \"$SRCROOT/../node_modules/react-native/scripts/launchPackager.command\" || echo \"Can't start packager automatically\"\n  fi\nfi\n";
			showEnvVarsInLog = 0;
		};
/* End PBXShellScriptBuildPhase section */

/* Begin PBXSourcesBuildPhase section */
		00E356EA1AD99517003FC87E /* Sources */ = {
			isa = PBXSourcesBuildPhase;
			buildActionMask = 2147483647;
			files = (
				00E356F31AD99517003FC87E /* MorinagaTests.m in Sources */,
			);
			runOnlyForDeploymentPostprocessing = 0;
		};
		13B07F871A680F5B00A75B9A /* Sources */ = {
			isa = PBXSourcesBuildPhase;
			buildActionMask = 2147483647;
			files = (
				13B07FBC1A68108700A75B9A /* AppDelegate.mm in Sources */,
				13B07FC11A68108700A75B9A /* main.m in Sources */,
			);
			runOnlyForDeploymentPostprocessing = 0;
		};
/* End PBXSourcesBuildPhase section */

/* Begin PBXTargetDependency section */
		00E356F51AD99517003FC87E /* PBXTargetDependency */ = {
			isa = PBXTargetDependency;
			target = 13B07F861A680F5B00A75B9A /* Morinaga */;
			targetProxy = 00E356F41AD99517003FC87E /* PBXContainerItemProxy */;
		};
/* End PBXTargetDependency section */

/* Begin XCBuildConfiguration section */
		00E356F61AD99517003FC87E /* Debug */ = {
			isa = XCBuildConfiguration;
			baseConfigurationReference = 5B7EB9410499542E8C5724F5 /* Pods-Morinaga-MorinagaTests.debug.xcconfig */;
			buildSettings = {
				BUNDLE_LOADER = "$(TEST_HOST)";
				GCC_PREPROCESSOR_DEFINITIONS = (
					"DEBUG=1",
					"$(inherited)",
				);
				INFOPLIST_FILE = MorinagaTests/Info.plist;
				IPHONEOS_DEPLOYMENT_TARGET = 12.4;
				LD_RUNPATH_SEARCH_PATHS = (
					"$(inherited)",
					"@executable_path/Frameworks",
					"@loader_path/Frameworks",
				);
				OTHER_LDFLAGS = (
					"-ObjC",
					"-lc++",
					"$(inherited)",
				);
				PRODUCT_BUNDLE_IDENTIFIER = "org.reactjs.native.example.$(PRODUCT_NAME:rfc1034identifier)";
				PRODUCT_NAME = "$(TARGET_NAME)";
				TEST_HOST = "$(BUILT_PRODUCTS_DIR)/Morinaga.app/Morinaga";
			};
			name = Debug;
		};
		00E356F71AD99517003FC87E /* Release */ = {
			isa = XCBuildConfiguration;
			baseConfigurationReference = 89C6BE57DB24E9ADA2F236DE /* Pods-Morinaga-MorinagaTests.release.xcconfig */;
			buildSettings = {
				BUNDLE_LOADER = "$(TEST_HOST)";
				COPY_PHASE_STRIP = NO;
				INFOPLIST_FILE = MorinagaTests/Info.plist;
				IPHONEOS_DEPLOYMENT_TARGET = 12.4;
				LD_RUNPATH_SEARCH_PATHS = (
					"$(inherited)",
					"@executable_path/Frameworks",
					"@loader_path/Frameworks",
				);
				OTHER_LDFLAGS = (
					"-ObjC",
					"-lc++",
					"$(inherited)",
				);
				PRODUCT_BUNDLE_IDENTIFIER = "org.reactjs.native.example.$(PRODUCT_NAME:rfc1034identifier)";
				PRODUCT_NAME = "$(TARGET_NAME)";
				TEST_HOST = "$(BUILT_PRODUCTS_DIR)/Morinaga.app/Morinaga";
			};
			name = Release;
		};
		13B07F941A680F5B00A75B9A /* Debug */ = {
			isa = XCBuildConfiguration;
			baseConfigurationReference = 3B4392A12AC88292D35C810B /* Pods-Morinaga.debug.xcconfig */;
			buildSettings = {
				ASSETCATALOG_COMPILER_APPICON_NAME = AppIcon;
				CLANG_ENABLE_MODULES = YES;
				CURRENT_PROJECT_VERSION = 1;
				ENABLE_BITCODE = NO;
				INFOPLIST_FILE = Morinaga/Info.plist;
				LD_RUNPATH_SEARCH_PATHS = (
					"$(inherited)",
					"@executable_path/Frameworks",
				);
				MARKETING_VERSION = 1.0;
				OTHER_LDFLAGS = (
					"$(inherited)",
					"-ObjC",
					"-lc++",
				);
				PRODUCT_BUNDLE_IDENTIFIER = com.morinaga;
				PRODUCT_NAME = Morinaga;
				SWIFT_OPTIMIZATION_LEVEL = "-Onone";
				SWIFT_VERSION = 5.0;
				VERSIONING_SYSTEM = "apple-generic";
			};
			name = Debug;
		};
		13B07F951A680F5B00A75B9A /* Release */ = {
			isa = XCBuildConfiguration;
			baseConfigurationReference = 5709B34CF0A7D63546082F79 /* Pods-Morinaga.release.xcconfig */;
			buildSettings = {
				ASSETCATALOG_COMPILER_APPICON_NAME = AppIcon;
				CLANG_ENABLE_MODULES = YES;
				CURRENT_PROJECT_VERSION = 1;
				INFOPLIST_FILE = Morinaga/Info.plist;
				LD_RUNPATH_SEARCH_PATHS = (
					"$(inherited)",
					"@executable_path/Frameworks",
				);
				MARKETING_VERSION = 1.0;
				OTHER_LDFLAGS = (
					"$(inherited)",
					"-ObjC",
					"-lc++",
				);
				PRODUCT_BUNDLE_IDENTIFIER = com.morinaga;
				PRODUCT_NAME = Morinaga;
				SWIFT_VERSION = 5.0;
				VERSIONING_SYSTEM = "apple-generic";
			};
			name = Release;
		};
		83CBBA201A601CBA00E9B192 /* Debug */ = {
			isa = XCBuildConfiguration;
			buildSettings = {
				ALWAYS_SEARCH_USER_PATHS = NO;
				CLANG_ANALYZER_LOCALIZABILITY_NONLOCALIZED = YES;
				CLANG_CXX_LANGUAGE_STANDARD = "c++17";
				CLANG_CXX_LIBRARY = "libc++";
				CLANG_ENABLE_MODULES = YES;
				CLANG_ENABLE_OBJC_ARC = YES;
				CLANG_WARN_BLOCK_CAPTURE_AUTORELEASING = YES;
				CLANG_WARN_BOOL_CONVERSION = YES;
				CLANG_WARN_COMMA = YES;
				CLANG_WARN_CONSTANT_CONVERSION = YES;
				CLANG_WARN_DEPRECATED_OBJC_IMPLEMENTATIONS = YES;
				CLANG_WARN_DIRECT_OBJC_ISA_USAGE = YES_ERROR;
				CLANG_WARN_EMPTY_BODY = YES;
				CLANG_WARN_ENUM_CONVERSION = YES;
				CLANG_WARN_INFINITE_RECURSION = YES;
				CLANG_WARN_INT_CONVERSION = YES;
				CLANG_WARN_NON_LITERAL_NULL_CONVERSION = YES;
				CLANG_WARN_OBJC_IMPLICIT_RETAIN_SELF = YES;
				CLANG_WARN_OBJC_LITERAL_CONVERSION = YES;
				CLANG_WARN_OBJC_ROOT_CLASS = YES_ERROR;
				CLANG_WARN_QUOTED_INCLUDE_IN_FRAMEWORK_HEADER = YES;
				CLANG_WARN_RANGE_LOOP_ANALYSIS = YES;
				CLANG_WARN_STRICT_PROTOTYPES = YES;
				CLANG_WARN_SUSPICIOUS_MOVE = YES;
				CLANG_WARN_UNREACHABLE_CODE = YES;
				CLANG_WARN__DUPLICATE_METHOD_MATCH = YES;
				"CODE_SIGN_IDENTITY[sdk=iphoneos*]" = "iPhone Developer";
				COPY_PHASE_STRIP = NO;
				ENABLE_STRICT_OBJC_MSGSEND = YES;
				ENABLE_TESTABILITY = YES;
				"EXCLUDED_ARCHS[sdk=iphonesimulator*]" = i386;
				GCC_C_LANGUAGE_STANDARD = gnu99;
				GCC_DYNAMIC_NO_PIC = NO;
				GCC_NO_COMMON_BLOCKS = YES;
				GCC_OPTIMIZATION_LEVEL = 0;
				GCC_PREPROCESSOR_DEFINITIONS = (
					"DEBUG=1",
					"$(inherited)",
				);
				GCC_SYMBOLS_PRIVATE_EXTERN = NO;
				GCC_WARN_64_TO_32_BIT_CONVERSION = YES;
				GCC_WARN_ABOUT_RETURN_TYPE = YES_ERROR;
				GCC_WARN_UNDECLARED_SELECTOR = YES;
				GCC_WARN_UNINITIALIZED_AUTOS = YES_AGGRESSIVE;
				GCC_WARN_UNUSED_FUNCTION = YES;
				GCC_WARN_UNUSED_VARIABLE = YES;
				HEADER_SEARCH_PATHS = (
					"$(inherited)",
					"${PODS_CONFIGURATION_BUILD_DIR}/ReactCommon-Samples/ReactCommon_Samples.framework/Headers",
					"${PODS_CONFIGURATION_BUILD_DIR}/ReactCommon/ReactCommon.framework/Headers/react/nativemodule/core",
					"${PODS_CONFIGURATION_BUILD_DIR}/ReactCommon-Samples/ReactCommon_Samples.framework/Headers/platform/ios",
					"${PODS_CONFIGURATION_BUILD_DIR}/React-NativeModulesApple/React_NativeModulesApple.framework/Headers",
					"${PODS_CONFIGURATION_BUILD_DIR}/React-graphics/React_graphics.framework/Headers/react/renderer/graphics/platform/ios",
				);
				IPHONEOS_DEPLOYMENT_TARGET = 12.4;
				LD_RUNPATH_SEARCH_PATHS = (
					/usr/lib/swift,
					"$(inherited)",
				);
				LIBRARY_SEARCH_PATHS = (
					"\"$(SDKROOT)/usr/lib/swift\"",
					"\"$(TOOLCHAIN_DIR)/usr/lib/swift/$(PLATFORM_NAME)\"",
					"\"$(inherited)\"",
				);
				MTL_ENABLE_DEBUG_INFO = YES;
				ONLY_ACTIVE_ARCH = YES;
				OTHER_CFLAGS = "$(inherited)";
				OTHER_CPLUSPLUSFLAGS = (
					"$(OTHER_CFLAGS)",
					"-DFOLLY_NO_CONFIG",
					"-DFOLLY_MOBILE=1",
					"-DFOLLY_USE_LIBCPP=1",
				);
				REACT_NATIVE_PATH = "${PODS_ROOT}/../../node_modules/react-native";
				SDKROOT = iphoneos;
			};
			name = Debug;
		};
		83CBBA211A601CBA00E9B192 /* Release */ = {
			isa = XCBuildConfiguration;
			buildSettings = {
				ALWAYS_SEARCH_USER_PATHS = NO;
				CLANG_ANALYZER_LOCALIZABILITY_NONLOCALIZED = YES;
				CLANG_CXX_LANGUAGE_STANDARD = "c++17";
				CLANG_CXX_LIBRARY = "libc++";
				CLANG_ENABLE_MODULES = YES;
				CLANG_ENABLE_OBJC_ARC = YES;
				CLANG_WARN_BLOCK_CAPTURE_AUTORELEASING = YES;
				CLANG_WARN_BOOL_CONVERSION = YES;
				CLANG_WARN_COMMA = YES;
				CLANG_WARN_CONSTANT_CONVERSION = YES;
				CLANG_WARN_DEPRECATED_OBJC_IMPLEMENTATIONS = YES;
				CLANG_WARN_DIRECT_OBJC_ISA_USAGE = YES_ERROR;
				CLANG_WARN_EMPTY_BODY = YES;
				CLANG_WARN_ENUM_CONVERSION = YES;
				CLANG_WARN_INFINITE_RECURSION = YES;
				CLANG_WARN_INT_CONVERSION = YES;
				CLANG_WARN_NON_LITERAL_NULL_CONVERSION = YES;
				CLANG_WARN_OBJC_IMPLICIT_RETAIN_SELF = YES;
				CLANG_WARN_OBJC_LITERAL_CONVERSION = YES;
				CLANG_WARN_OBJC_ROOT_CLASS = YES_ERROR;
				CLANG_WARN_QUOTED_INCLUDE_IN_FRAMEWORK_HEADER = YES;
				CLANG_WARN_RANGE_LOOP_ANALYSIS = YES;
				CLANG_WARN_STRICT_PROTOTYPES = YES;
				CLANG_WARN_SUSPICIOUS_MOVE = YES;
				CLANG_WARN_UNREACHABLE_CODE = YES;
				CLANG_WARN__DUPLICATE_METHOD_MATCH = YES;
				"CODE_SIGN_IDENTITY[sdk=iphoneos*]" = "iPhone Developer";
				COPY_PHASE_STRIP = YES;
				ENABLE_NS_ASSERTIONS = NO;
				ENABLE_STRICT_OBJC_MSGSEND = YES;
				"EXCLUDED_ARCHS[sdk=iphonesimulator*]" = i386;
				GCC_C_LANGUAGE_STANDARD = gnu99;
				GCC_NO_COMMON_BLOCKS = YES;
				GCC_WARN_64_TO_32_BIT_CONVERSION = YES;
				GCC_WARN_ABOUT_RETURN_TYPE = YES_ERROR;
				GCC_WARN_UNDECLARED_SELECTOR = YES;
				GCC_WARN_UNINITIALIZED_AUTOS = YES_AGGRESSIVE;
				GCC_WARN_UNUSED_FUNCTION = YES;
				GCC_WARN_UNUSED_VARIABLE = YES;
				HEADER_SEARCH_PATHS = (
					"$(inherited)",
					"${PODS_CONFIGURATION_BUILD_DIR}/ReactCommon-Samples/ReactCommon_Samples.framework/Headers",
					"${PODS_CONFIGURATION_BUILD_DIR}/ReactCommon/ReactCommon.framework/Headers/react/nativemodule/core",
					"${PODS_CONFIGURATION_BUILD_DIR}/ReactCommon-Samples/ReactCommon_Samples.framework/Headers/platform/ios",
					"${PODS_CONFIGURATION_BUILD_DIR}/React-NativeModulesApple/React_NativeModulesApple.framework/Headers",
					"${PODS_CONFIGURATION_BUILD_DIR}/React-graphics/React_graphics.framework/Headers/react/renderer/graphics/platform/ios",
				);
				IPHONEOS_DEPLOYMENT_TARGET = 12.4;
				LD_RUNPATH_SEARCH_PATHS = (
					/usr/lib/swift,
					"$(inherited)",
				);
				LIBRARY_SEARCH_PATHS = (
					"\"$(SDKROOT)/usr/lib/swift\"",
					"\"$(TOOLCHAIN_DIR)/usr/lib/swift/$(PLATFORM_NAME)\"",
					"\"$(inherited)\"",
				);
				MTL_ENABLE_DEBUG_INFO = NO;
				OTHER_CFLAGS = "$(inherited)";
				OTHER_CPLUSPLUSFLAGS = (
					"$(OTHER_CFLAGS)",
					"-DFOLLY_NO_CONFIG",
					"-DFOLLY_MOBILE=1",
					"-DFOLLY_USE_LIBCPP=1",
				);
				REACT_NATIVE_PATH = "${PODS_ROOT}/../../node_modules/react-native";
				SDKROOT = iphoneos;
				VALIDATE_PRODUCT = YES;
			};
			name = Release;
		};
/* End XCBuildConfiguration section */

/* Begin XCConfigurationList section */
		00E357021AD99517003FC87E /* Build configuration list for PBXNativeTarget "MorinagaTests" */ = {
			isa = XCConfigurationList;
			buildConfigurations = (
				00E356F61AD99517003FC87E /* Debug */,
				00E356F71AD99517003FC87E /* Release */,
			);
			defaultConfigurationIsVisible = 0;
			defaultConfigurationName = Release;
		};
		13B07F931A680F5B00A75B9A /* Build configuration list for PBXNativeTarget "Morinaga" */ = {
			isa = XCConfigurationList;
			buildConfigurations = (
				13B07F941A680F5B00A75B9A /* Debug */,
				13B07F951A680F5B00A75B9A /* Release */,
			);
			defaultConfigurationIsVisible = 0;
			defaultConfigurationName = Release;
		};
		83CBB9FA1A601CBA00E9B192 /* Build configuration list for PBXProject "Morinaga" */ = {
			isa = XCConfigurationList;
			buildConfigurations = (
				83CBBA201A601CBA00E9B192 /* Debug */,
				83CBBA211A601CBA00E9B192 /* Release */,
			);
			defaultConfigurationIsVisible = 0;
			defaultConfigurationName = Release;
		};
/* End XCConfigurationList section */
	};
	rootObject = 83CBB9F71A601CBA00E9B192 /* Project object */;
}
